<Solution>
  <Project Path="01_secret_entrance/01_secret_entrance.csproj" />
  <Project Path="02_gift_shop/02_gift_shop.csproj" />
  <Project Path="03_lobby/03_lobby.csproj" Id="5515a133-3010-47ec-af73-e893b3699a4a" />
  <Project Path="04_printing_department/04_printing_department.csproj" Id="840fe29d-230d-43a6-80fd-84763d32b28e" />
  <Project Path="05_cafeteria/05_cafeteria.csproj" Id="7f68d33e-ef5b-410a-aa28-1b28755ef949" />
  <Project Path="06_trash_compactor/06_trash_compactor.csproj" Id="2c5accb7-1f12-4794-a630-35a1f60adc74" />
  <Project Path="07_laboratories/07_laboratories.csproj" Id="9a1465f3-0c01-4464-ab8f-ac84dc435a5b" />
  <Project Path="08_playground/08_playground.csproj" Id="b766bbaf-ccb2-4c9f-a228-5579e7c6a841" />
  <Project Path="09_movie_theater/09_movie_theater.csproj" Id="6cc8f749-79e0-4074-a235-1153d229d5e4" />
  <Project Path="11_reactor/11_reactor.csproj" Id="7b946902-0657-4992-bf0f-6e1518a17378" />
  <Project Path="12_christmas_tree_farm/12_christmas_tree_farm.csproj" Id="b5ce97d3-6ca8-4f87-aa6c-bd6a133445b1" />
</Solution>
